
Microsoft Visual Studio Solution File, Format Version 12.00
# Visual Studio Version 17
VisualStudioVersion = 17.9.34622.214
MinimumVisualStudioVersion = 10.0.40219.1
Project("{FAE04EC0-301F-11D3-BF4B-00C04F79EFBC}") = "Karbantarto_rendszer_feladat", "..\Karbantarto_rendszer_feladat másolata\Karbantarto_rendszer_feladat.csproj", "{A759C4BC-B520-4BE4-BE50-E82E86C6253A}"
EndProject
Project("{FAE04EC0-301F-11D3-BF4B-00C04F79EFBC}") = "Dolgozoi_nyilvantartas_console_feladat", "Dolgozoi_nyilvantartas_console_feladat\Dolgozoi_nyilvantartas_console_feladat.csproj", "{9195DF01-3988-47D1-8ADA-3463BB4CFA73}"
EndProject
Global
	GlobalSection(SolutionConfigurationPlatforms) = preSolution
		Debug|Any CPU = Debug|Any CPU
		Release|Any CPU = Release|Any CPU
	EndGlobalSection
	GlobalSection(ProjectConfigurationPlatforms) = postSolution
		{A759C4BC-B520-4BE4-BE50-E82E86C6253A}.Debug|Any CPU.ActiveCfg = Debug|Any CPU
		{A759C4BC-B520-4BE4-BE50-E82E86C6253A}.Debug|Any CPU.Build.0 = Debug|Any CPU
		{A759C4BC-B520-4BE4-BE50-E82E86C6253A}.Release|Any CPU.ActiveCfg = Release|Any CPU
		{A759C4BC-B520-4BE4-BE50-E82E86C6253A}.Release|Any CPU.Build.0 = Release|Any CPU
		{9195DF01-3988-47D1-8ADA-3463BB4CFA73}.Debug|Any CPU.ActiveCfg = Debug|Any CPU
		{9195DF01-3988-47D1-8ADA-3463BB4CFA73}.Debug|Any CPU.Build.0 = Debug|Any CPU
		{9195DF01-3988-47D1-8ADA-3463BB4CFA73}.Release|Any CPU.ActiveCfg = Release|Any CPU
		{9195DF01-3988-47D1-8ADA-3463BB4CFA73}.Release|Any CPU.Build.0 = Release|Any CPU
	EndGlobalSection
	GlobalSection(SolutionProperties) = preSolution
		HideSolutionNode = FALSE
	EndGlobalSection
	GlobalSection(ExtensibilityGlobals) = postSolution
		SolutionGuid = {B03AD7EA-68FE-4224-AF9C-711771E98FCD}
	EndGlobalSection
EndGlobal
